
Microsoft Visual Studio Solution File, Format Version 12.00
# Visual Studio Version 17
VisualStudioVersion = 17.9.34622.214
MinimumVisualStudioVersion = 10.0.40219.1
Project("{FAE04EC0-301F-11D3-BF4B-00C04F79EFBC}") = "dkayVNC", "dkayVNC\dkayVNC.csproj", "{64039905-7CA5-4169-B7CF-A6AF86E696FE}"
EndProject
Global
	GlobalSection(SolutionConfigurationPlatforms) = preSolution
		Debug|Any CPU = Debug|Any CPU
		Release|Any CPU = Release|Any CPU
	EndGlobalSection
	GlobalSection(ProjectConfigurationPlatforms) = postSolution
		{64039905-7CA5-4169-B7CF-A6AF86E696FE}.Debug|Any CPU.ActiveCfg = Debug|Any CPU
		{64039905-7CA5-4169-B7CF-A6AF86E696FE}.Debug|Any CPU.Build.0 = Debug|Any CPU
		{64039905-7CA5-4169-B7CF-A6AF86E696FE}.Release|Any CPU.ActiveCfg = Release|Any CPU
		{64039905-7CA5-4169-B7CF-A6AF86E696FE}.Release|Any CPU.Build.0 = Release|Any CPU
	EndGlobalSection
	GlobalSection(SolutionProperties) = preSolution
		HideSolutionNode = FALSE
	EndGlobalSection
	GlobalSection(ExtensibilityGlobals) = postSolution
		SolutionGuid = {D5BAE2A3-C1E7-427B-A8E8-5CDE9E8657E4}
	EndGlobalSection
EndGlobal
